// !$*UTF8*$!
{
	archiveVersion = 1;
	classes = {
	};
	objectVersion = 55;
	objects = {

/* Begin PBXBuildFile section */
		70167B6228196EA400C40F0E /* CompleteTutorial.swift in Sources */ = {isa = PBXBuildFile; fileRef = 70167B6128196EA400C40F0E /* CompleteTutorial.swift */; };
		7077C99327A007D70035E404 /* Quick in Frameworks */ = {isa = PBXBuildFile; productRef = 7077C99227A007D70035E404 /* Quick */; };
		7077C99627A007EB0035E404 /* Nimble in Frameworks */ = {isa = PBXBuildFile; productRef = 7077C99527A007EB0035E404 /* Nimble */; };
		7077C99827A007FD0035E404 /* BootSpec.swift in Sources */ = {isa = PBXBuildFile; fileRef = 7077C99727A007FD0035E404 /* BootSpec.swift */; };
		7077C99B27A0D4760035E404 /* DataStore.swift in Sources */ = {isa = PBXBuildFile; fileRef = 7077C99A27A0D4760035E404 /* DataStore.swift */; };
		7077C99E27A0D5A70035E404 /* UserDefaultsDataStore.swift in Sources */ = {isa = PBXBuildFile; fileRef = 7077C99D27A0D5A70035E404 /* UserDefaultsDataStore.swift */; };
		7077C9A227A0D8BD0035E404 /* Dependencies.swift in Sources */ = {isa = PBXBuildFile; fileRef = 7077C9A127A0D8BD0035E404 /* Dependencies.swift */; };
		7077C9A527A8F36C0035E404 /* Alamofire in Frameworks */ = {isa = PBXBuildFile; productRef = 7077C9A427A8F36C0035E404 /* Alamofire */; };
		7077C9A927A8F9560035E404 /* ApiClient.swift in Sources */ = {isa = PBXBuildFile; fileRef = 7077C9A827A8F9560035E404 /* ApiClient.swift */; };
		7077C9AB27A8F9830035E404 /* SystemErrors.swift in Sources */ = {isa = PBXBuildFile; fileRef = 7077C9AA27A8F9830035E404 /* SystemErrors.swift */; };
		7077C9AD27A8F9BD0035E404 /* ServiceErrors.swift in Sources */ = {isa = PBXBuildFile; fileRef = 7077C9AC27A8F9BD0035E404 /* ServiceErrors.swift */; };
		7077C9B227A8FDF20035E404 /* MockApiClient.swift in Sources */ = {isa = PBXBuildFile; fileRef = 7077C9B127A8FDF20035E404 /* MockApiClient.swift */; };
		7077C9B427A8FF760035E404 /* AlamofireApiClient.swift in Sources */ = {isa = PBXBuildFile; fileRef = 7077C9B327A8FF760035E404 /* AlamofireApiClient.swift */; };
		7077C9B627A906F90035E404 /* Api.swift in Sources */ = {isa = PBXBuildFile; fileRef = 7077C9B527A906F90035E404 /* Api.swift */; };
		7077C9BC27AB5C540035E404 /* Apis.swift in Sources */ = {isa = PBXBuildFile; fileRef = 7077C9BB27AB5C540035E404 /* Apis.swift */; };
		7077C9BE27AB7ABD0035E404 /* Backend.swift in Sources */ = {isa = PBXBuildFile; fileRef = 7077C9BD27AB7ABD0035E404 /* Backend.swift */; };
		7077C9C027AB7B280035E404 /* ApiBackend.swift in Sources */ = {isa = PBXBuildFile; fileRef = 7077C9BF27AB7B280035E404 /* ApiBackend.swift */; };
		7077F51229C7F5E6006233CB /* ApplicationBehavior.swift in Sources */ = {isa = PBXBuildFile; fileRef = 7077F51129C7F5E6006233CB /* ApplicationBehavior.swift */; };
		707CA956279F833700EAFC66 /* CALearningApp.swift in Sources */ = {isa = PBXBuildFile; fileRef = 707CA955279F833700EAFC66 /* CALearningApp.swift */; };
		707CA958279F833700EAFC66 /* ContentView.swift in Sources */ = {isa = PBXBuildFile; fileRef = 707CA957279F833700EAFC66 /* ContentView.swift */; };
		707CA95A279F833900EAFC66 /* Assets.xcassets in Resources */ = {isa = PBXBuildFile; fileRef = 707CA959279F833900EAFC66 /* Assets.xcassets */; };
		707CA95D279F833900EAFC66 /* Preview Assets.xcassets in Resources */ = {isa = PBXBuildFile; fileRef = 707CA95C279F833900EAFC66 /* Preview Assets.xcassets */; };
		707CA971279F833900EAFC66 /* CALearningUITests.swift in Sources */ = {isa = PBXBuildFile; fileRef = 707CA970279F833900EAFC66 /* CALearningUITests.swift */; };
		707CA973279F833900EAFC66 /* CALearningUITestsLaunchTests.swift in Sources */ = {isa = PBXBuildFile; fileRef = 707CA972279F833900EAFC66 /* CALearningUITestsLaunchTests.swift */; };
		707CA986279F8C1500EAFC66 /* Splash.swift in Sources */ = {isa = PBXBuildFile; fileRef = 707CA985279F8C1500EAFC66 /* Splash.swift */; };
		707CA988279F8C3E00EAFC66 /* Tutorial.swift in Sources */ = {isa = PBXBuildFile; fileRef = 707CA987279F8C3D00EAFC66 /* Tutorial.swift */; };
		707CA98A279F8C5600EAFC66 /* Login.swift in Sources */ = {isa = PBXBuildFile; fileRef = 707CA989279F8C5600EAFC66 /* Login.swift */; };
		707CA98D279F8FA500EAFC66 /* Booting.swift in Sources */ = {isa = PBXBuildFile; fileRef = 707CA98C279F8FA500EAFC66 /* Booting.swift */; };
		707CA995279FA89A00EAFC66 /* Application.swift in Sources */ = {isa = PBXBuildFile; fileRef = 707CA994279FA89A00EAFC66 /* Application.swift */; };
		707CA997279FD1BA00EAFC66 /* Controller.swift in Sources */ = {isa = PBXBuildFile; fileRef = 707CA996279FD1BA00EAFC66 /* Controller.swift */; };
		708415C3283524BB00BAED01 /* UserActor.swift in Sources */ = {isa = PBXBuildFile; fileRef = 708415C2283524BB00BAED01 /* UserActor.swift */; };
		70873E9A27E02F7D007EE181 /* AccountModel.swift in Sources */ = {isa = PBXBuildFile; fileRef = 70873E9927E02F7D007EE181 /* AccountModel.swift */; };
		70873E9E27E0300B007EE181 /* Model.swift in Sources */ = {isa = PBXBuildFile; fileRef = 70873E9D27E0300B007EE181 /* Model.swift */; };
		708A75FF27F46A970047016B /* KeyChainDataStore.swift in Sources */ = {isa = PBXBuildFile; fileRef = 708A75FE27F46A970047016B /* KeyChainDataStore.swift */; };
		708A760327F48E7D0047016B /* GoogleMapApiClient.swift in Sources */ = {isa = PBXBuildFile; fileRef = 708A760227F48E7D0047016B /* GoogleMapApiClient.swift */; };
		708CA92C29DAC8E000BCFD49 /* RobustiveSwift in Frameworks */ = {isa = PBXBuildFile; productRef = 708CA92B29DAC8E000BCFD49 /* RobustiveSwift */; };
		70BEB7F728C22F05004538EB /* Usecases.swift in Sources */ = {isa = PBXBuildFile; fileRef = 70BEB7F628C22F05004538EB /* Usecases.swift */; };
		70D4DC5227FDDD5600C02521 /* LoginBehavior.swift in Sources */ = {isa = PBXBuildFile; fileRef = 70D4DC5127FDDD5600C02521 /* LoginBehavior.swift */; };
		70F57A7B281A32140036EE53 /* TermsOfService.swift in Sources */ = {isa = PBXBuildFile; fileRef = 70F57A7A281A32140036EE53 /* TermsOfService.swift */; };
		70F57A7D281A32920036EE53 /* Loggingin.swift in Sources */ = {isa = PBXBuildFile; fileRef = 70F57A7C281A32920036EE53 /* Loggingin.swift */; };
		70F57A7F281A5A4A0036EE53 /* Validation.swift in Sources */ = {isa = PBXBuildFile; fileRef = 70F57A7E281A5A4A0036EE53 /* Validation.swift */; };
/* End PBXBuildFile section */

/* Begin PBXContainerItemProxy section */
		707CA963279F833900EAFC66 /* PBXContainerItemProxy */ = {
			isa = PBXContainerItemProxy;
			containerPortal = 707CA94A279F833700EAFC66 /* Project object */;
			proxyType = 1;
			remoteGlobalIDString = 707CA951279F833700EAFC66;
			remoteInfo = CALearning;
		};
		707CA96D279F833900EAFC66 /* PBXContainerItemProxy */ = {
			isa = PBXContainerItemProxy;
			containerPortal = 707CA94A279F833700EAFC66 /* Project object */;
			proxyType = 1;
			remoteGlobalIDString = 707CA951279F833700EAFC66;
			remoteInfo = CALearning;
		};
/* End PBXContainerItemProxy section */

/* Begin PBXFileReference section */
		70167B6128196EA400C40F0E /* CompleteTutorial.swift */ = {isa = PBXFileReference; lastKnownFileType = sourcecode.swift; path = CompleteTutorial.swift; sourceTree = "<group>"; };
		7077C99727A007FD0035E404 /* BootSpec.swift */ = {isa = PBXFileReference; fileEncoding = 4; lastKnownFileType = sourcecode.swift; path = BootSpec.swift; sourceTree = "<group>"; };
		7077C99A27A0D4760035E404 /* DataStore.swift */ = {isa = PBXFileReference; lastKnownFileType = sourcecode.swift; path = DataStore.swift; sourceTree = "<group>"; };
		7077C99D27A0D5A70035E404 /* UserDefaultsDataStore.swift */ = {isa = PBXFileReference; lastKnownFileType = sourcecode.swift; path = UserDefaultsDataStore.swift; sourceTree = "<group>"; };
		7077C9A127A0D8BD0035E404 /* Dependencies.swift */ = {isa = PBXFileReference; lastKnownFileType = sourcecode.swift; path = Dependencies.swift; sourceTree = "<group>"; };
		7077C9A827A8F9560035E404 /* ApiClient.swift */ = {isa = PBXFileReference; lastKnownFileType = sourcecode.swift; path = ApiClient.swift; sourceTree = "<group>"; };
		7077C9AA27A8F9830035E404 /* SystemErrors.swift */ = {isa = PBXFileReference; lastKnownFileType = sourcecode.swift; path = SystemErrors.swift; sourceTree = "<group>"; };
		7077C9AC27A8F9BD0035E404 /* ServiceErrors.swift */ = {isa = PBXFileReference; lastKnownFileType = sourcecode.swift; path = ServiceErrors.swift; sourceTree = "<group>"; };
		7077C9B127A8FDF20035E404 /* MockApiClient.swift */ = {isa = PBXFileReference; lastKnownFileType = sourcecode.swift; path = MockApiClient.swift; sourceTree = "<group>"; };
		7077C9B327A8FF760035E404 /* AlamofireApiClient.swift */ = {isa = PBXFileReference; lastKnownFileType = sourcecode.swift; path = AlamofireApiClient.swift; sourceTree = "<group>"; };
		7077C9B527A906F90035E404 /* Api.swift */ = {isa = PBXFileReference; lastKnownFileType = sourcecode.swift; path = Api.swift; sourceTree = "<group>"; };
		7077C9BB27AB5C540035E404 /* Apis.swift */ = {isa = PBXFileReference; lastKnownFileType = sourcecode.swift; path = Apis.swift; sourceTree = "<group>"; };
		7077C9BD27AB7ABD0035E404 /* Backend.swift */ = {isa = PBXFileReference; lastKnownFileType = sourcecode.swift; path = Backend.swift; sourceTree = "<group>"; };
		7077C9BF27AB7B280035E404 /* ApiBackend.swift */ = {isa = PBXFileReference; lastKnownFileType = sourcecode.swift; path = ApiBackend.swift; sourceTree = "<group>"; };
		7077F51129C7F5E6006233CB /* ApplicationBehavior.swift */ = {isa = PBXFileReference; lastKnownFileType = sourcecode.swift; path = ApplicationBehavior.swift; sourceTree = "<group>"; };
		707CA952279F833700EAFC66 /* CALearning.app */ = {isa = PBXFileReference; explicitFileType = wrapper.application; includeInIndex = 0; path = CALearning.app; sourceTree = BUILT_PRODUCTS_DIR; };
		707CA955279F833700EAFC66 /* CALearningApp.swift */ = {isa = PBXFileReference; lastKnownFileType = sourcecode.swift; path = CALearningApp.swift; sourceTree = "<group>"; };
		707CA957279F833700EAFC66 /* ContentView.swift */ = {isa = PBXFileReference; lastKnownFileType = sourcecode.swift; path = ContentView.swift; sourceTree = "<group>"; };
		707CA959279F833900EAFC66 /* Assets.xcassets */ = {isa = PBXFileReference; lastKnownFileType = folder.assetcatalog; path = Assets.xcassets; sourceTree = "<group>"; };
		707CA95C279F833900EAFC66 /* Preview Assets.xcassets */ = {isa = PBXFileReference; lastKnownFileType = folder.assetcatalog; path = "Preview Assets.xcassets"; sourceTree = "<group>"; };
		707CA962279F833900EAFC66 /* CALearningTests.xctest */ = {isa = PBXFileReference; explicitFileType = wrapper.cfbundle; includeInIndex = 0; path = CALearningTests.xctest; sourceTree = BUILT_PRODUCTS_DIR; };
		707CA96C279F833900EAFC66 /* CALearningUITests.xctest */ = {isa = PBXFileReference; explicitFileType = wrapper.cfbundle; includeInIndex = 0; path = CALearningUITests.xctest; sourceTree = BUILT_PRODUCTS_DIR; };
		707CA970279F833900EAFC66 /* CALearningUITests.swift */ = {isa = PBXFileReference; lastKnownFileType = sourcecode.swift; path = CALearningUITests.swift; sourceTree = "<group>"; };
		707CA972279F833900EAFC66 /* CALearningUITestsLaunchTests.swift */ = {isa = PBXFileReference; lastKnownFileType = sourcecode.swift; path = CALearningUITestsLaunchTests.swift; sourceTree = "<group>"; };
		707CA97F279F83B600EAFC66 /* README.md */ = {isa = PBXFileReference; lastKnownFileType = net.daringfireball.markdown; path = README.md; sourceTree = "<group>"; };
		707CA985279F8C1500EAFC66 /* Splash.swift */ = {isa = PBXFileReference; lastKnownFileType = sourcecode.swift; path = Splash.swift; sourceTree = "<group>"; };
		707CA987279F8C3D00EAFC66 /* Tutorial.swift */ = {isa = PBXFileReference; lastKnownFileType = sourcecode.swift; path = Tutorial.swift; sourceTree = "<group>"; };
		707CA989279F8C5600EAFC66 /* Login.swift */ = {isa = PBXFileReference; lastKnownFileType = sourcecode.swift; path = Login.swift; sourceTree = "<group>"; };
		707CA98C279F8FA500EAFC66 /* Booting.swift */ = {isa = PBXFileReference; lastKnownFileType = sourcecode.swift; path = Booting.swift; sourceTree = "<group>"; };
		707CA994279FA89A00EAFC66 /* Application.swift */ = {isa = PBXFileReference; lastKnownFileType = sourcecode.swift; path = Application.swift; sourceTree = "<group>"; };
		707CA996279FD1BA00EAFC66 /* Controller.swift */ = {isa = PBXFileReference; lastKnownFileType = sourcecode.swift; path = Controller.swift; sourceTree = "<group>"; };
		708415C2283524BB00BAED01 /* UserActor.swift */ = {isa = PBXFileReference; lastKnownFileType = sourcecode.swift; path = UserActor.swift; sourceTree = "<group>"; };
		70873E9927E02F7D007EE181 /* AccountModel.swift */ = {isa = PBXFileReference; lastKnownFileType = sourcecode.swift; path = AccountModel.swift; sourceTree = "<group>"; };
		70873E9D27E0300B007EE181 /* Model.swift */ = {isa = PBXFileReference; lastKnownFileType = sourcecode.swift; path = Model.swift; sourceTree = "<group>"; };
		708A75FE27F46A970047016B /* KeyChainDataStore.swift */ = {isa = PBXFileReference; lastKnownFileType = sourcecode.swift; path = KeyChainDataStore.swift; sourceTree = "<group>"; };
		708A760227F48E7D0047016B /* GoogleMapApiClient.swift */ = {isa = PBXFileReference; lastKnownFileType = sourcecode.swift; path = GoogleMapApiClient.swift; sourceTree = "<group>"; };
		708CA92729DAC5C100BCFD49 /* RobustiveSwift */ = {isa = PBXFileReference; lastKnownFileType = wrapper; name = RobustiveSwift; path = ../RobustiveSwift; sourceTree = "<group>"; };
		70BEB7F628C22F05004538EB /* Usecases.swift */ = {isa = PBXFileReference; lastKnownFileType = sourcecode.swift; path = Usecases.swift; sourceTree = "<group>"; };
		70D4DC5127FDDD5600C02521 /* LoginBehavior.swift */ = {isa = PBXFileReference; lastKnownFileType = sourcecode.swift; path = LoginBehavior.swift; sourceTree = "<group>"; };
		70F57A7A281A32140036EE53 /* TermsOfService.swift */ = {isa = PBXFileReference; lastKnownFileType = sourcecode.swift; path = TermsOfService.swift; sourceTree = "<group>"; };
		70F57A7C281A32920036EE53 /* Loggingin.swift */ = {isa = PBXFileReference; lastKnownFileType = sourcecode.swift; path = Loggingin.swift; sourceTree = "<group>"; };
		70F57A7E281A5A4A0036EE53 /* Validation.swift */ = {isa = PBXFileReference; lastKnownFileType = sourcecode.swift; path = Validation.swift; sourceTree = "<group>"; };
/* End PBXFileReference section */

/* Begin PBXFrameworksBuildPhase section */
		707CA94F279F833700EAFC66 /* Frameworks */ = {
			isa = PBXFrameworksBuildPhase;
			buildActionMask = 2147483647;
			files = (
				708CA92C29DAC8E000BCFD49 /* RobustiveSwift in Frameworks */,
				7077C9A527A8F36C0035E404 /* Alamofire in Frameworks */,
			);
			runOnlyForDeploymentPostprocessing = 0;
		};
		707CA95F279F833900EAFC66 /* Frameworks */ = {
			isa = PBXFrameworksBuildPhase;
			buildActionMask = 2147483647;
			files = (
				7077C99327A007D70035E404 /* Quick in Frameworks */,
				7077C99627A007EB0035E404 /* Nimble in Frameworks */,
			);
			runOnlyForDeploymentPostprocessing = 0;
		};
		707CA969279F833900EAFC66 /* Frameworks */ = {
			isa = PBXFrameworksBuildPhase;
			buildActionMask = 2147483647;
			files = (
			);
			runOnlyForDeploymentPostprocessing = 0;
		};
/* End PBXFrameworksBuildPhase section */

/* Begin PBXGroup section */
		7077C99927A0D4390035E404 /* Interfaces */ = {
			isa = PBXGroup;
			children = (
				7077C99A27A0D4760035E404 /* DataStore.swift */,
				7077C9BD27AB7ABD0035E404 /* Backend.swift */,
			);
			path = Interfaces;
			sourceTree = "<group>";
		};
		7077C99C27A0D58D0035E404 /* Infrastructure */ = {
			isa = PBXGroup;
			children = (
				7077C9BB27AB5C540035E404 /* Apis.swift */,
				7077C9BF27AB7B280035E404 /* ApiBackend.swift */,
				7077C99D27A0D5A70035E404 /* UserDefaultsDataStore.swift */,
				708A75FE27F46A970047016B /* KeyChainDataStore.swift */,
			);
			path = Infrastructure;
			sourceTree = "<group>";
		};
		7077C9B027A8FDB50035E404 /* Implementations */ = {
			isa = PBXGroup;
			children = (
				7077C9B327A8FF760035E404 /* AlamofireApiClient.swift */,
				7077C9B127A8FDF20035E404 /* MockApiClient.swift */,
			);
			path = Implementations;
			sourceTree = "<group>";
		};
		707CA949279F833700EAFC66 = {
			isa = PBXGroup;
			children = (
				708CA92729DAC5C100BCFD49 /* RobustiveSwift */,
				707CA97F279F83B600EAFC66 /* README.md */,
				707CA954279F833700EAFC66 /* CALearning */,
				707CA965279F833900EAFC66 /* CALearningTests */,
				707CA96F279F833900EAFC66 /* CALearningUITests */,
				707CA953279F833700EAFC66 /* Products */,
				708CA92A29DAC89700BCFD49 /* Frameworks */,
			);
			sourceTree = "<group>";
		};
		707CA953279F833700EAFC66 /* Products */ = {
			isa = PBXGroup;
			children = (
				707CA952279F833700EAFC66 /* CALearning.app */,
				707CA962279F833900EAFC66 /* CALearningTests.xctest */,
				707CA96C279F833900EAFC66 /* CALearningUITests.xctest */,
			);
			name = Products;
			sourceTree = "<group>";
		};
		707CA954279F833700EAFC66 /* CALearning */ = {
			isa = PBXGroup;
			children = (
				707CA980279F8B6300EAFC66 /* Service */,
				707CA98E279F932100EAFC66 /* System */,
				707CA955279F833700EAFC66 /* CALearningApp.swift */,
				707CA957279F833700EAFC66 /* ContentView.swift */,
				7077C9AA27A8F9830035E404 /* SystemErrors.swift */,
				707CA959279F833900EAFC66 /* Assets.xcassets */,
				707CA95B279F833900EAFC66 /* Preview Content */,
			);
			path = CALearning;
			sourceTree = "<group>";
		};
		707CA95B279F833900EAFC66 /* Preview Content */ = {
			isa = PBXGroup;
			children = (
				707CA95C279F833900EAFC66 /* Preview Assets.xcassets */,
			);
			path = "Preview Content";
			sourceTree = "<group>";
		};
		707CA965279F833900EAFC66 /* CALearningTests */ = {
			isa = PBXGroup;
			children = (
				7077C99727A007FD0035E404 /* BootSpec.swift */,
			);
			path = CALearningTests;
			sourceTree = "<group>";
		};
		707CA96F279F833900EAFC66 /* CALearningUITests */ = {
			isa = PBXGroup;
			children = (
				707CA970279F833900EAFC66 /* CALearningUITests.swift */,
				707CA972279F833900EAFC66 /* CALearningUITestsLaunchTests.swift */,
			);
			path = CALearningUITests;
			sourceTree = "<group>";
		};
		707CA980279F8B6300EAFC66 /* Service */ = {
			isa = PBXGroup;
			children = (
				7077C99C27A0D58D0035E404 /* Infrastructure */,
				707CA992279FA87800EAFC66 /* Domain */,
				707CA98B279F8F6A00EAFC66 /* Application */,
				707CA981279F8B6A00EAFC66 /* Presentation */,
				7077C9AC27A8F9BD0035E404 /* ServiceErrors.swift */,
			);
			path = Service;
			sourceTree = "<group>";
		};
		707CA981279F8B6A00EAFC66 /* Presentation */ = {
			isa = PBXGroup;
			children = (
				707CA982279F8BDE00EAFC66 /* Views */,
			);
			path = Presentation;
			sourceTree = "<group>";
		};
		707CA982279F8BDE00EAFC66 /* Views */ = {
			isa = PBXGroup;
			children = (
				707CA985279F8C1500EAFC66 /* Splash.swift */,
				707CA987279F8C3D00EAFC66 /* Tutorial.swift */,
				707CA989279F8C5600EAFC66 /* Login.swift */,
				70F57A7A281A32140036EE53 /* TermsOfService.swift */,
			);
			path = Views;
			sourceTree = "<group>";
		};
		707CA98B279F8F6A00EAFC66 /* Application */ = {
			isa = PBXGroup;
			children = (
				707CA996279FD1BA00EAFC66 /* Controller.swift */,
				708415C2283524BB00BAED01 /* UserActor.swift */,
				70BEB7F628C22F05004538EB /* Usecases.swift */,
				70D4DC5027FDDBF200C02521 /* Behoviors */,
				708A75FB27E0C4D30047016B /* Usecases */,
			);
			path = Application;
			sourceTree = "<group>";
		};
		707CA98E279F932100EAFC66 /* System */ = {
			isa = PBXGroup;
			children = (
				707CA98F279F933000EAFC66 /* Protocols */,
				7077C9B027A8FDB50035E404 /* Implementations */,
			);
			path = System;
			sourceTree = "<group>";
		};
		707CA98F279F933000EAFC66 /* Protocols */ = {
			isa = PBXGroup;
			children = (
				70873E9D27E0300B007EE181 /* Model.swift */,
				7077C9B527A906F90035E404 /* Api.swift */,
				7077C9A827A8F9560035E404 /* ApiClient.swift */,
				708A760227F48E7D0047016B /* GoogleMapApiClient.swift */,
				70F57A7E281A5A4A0036EE53 /* Validation.swift */,
			);
			path = Protocols;
			sourceTree = "<group>";
		};
		707CA992279FA87800EAFC66 /* Domain */ = {
			isa = PBXGroup;
			children = (
				707CA993279FA88A00EAFC66 /* Models */,
				7077C99927A0D4390035E404 /* Interfaces */,
				7077C9A127A0D8BD0035E404 /* Dependencies.swift */,
			);
			path = Domain;
			sourceTree = "<group>";
		};
		707CA993279FA88A00EAFC66 /* Models */ = {
			isa = PBXGroup;
			children = (
				707CA994279FA89A00EAFC66 /* Application.swift */,
				70873E9927E02F7D007EE181 /* AccountModel.swift */,
			);
			path = Models;
			sourceTree = "<group>";
		};
		708A75FB27E0C4D30047016B /* Usecases */ = {
			isa = PBXGroup;
			children = (
				707CA98C279F8FA500EAFC66 /* Booting.swift */,
				70167B6128196EA400C40F0E /* CompleteTutorial.swift */,
				70F57A7C281A32920036EE53 /* Loggingin.swift */,
			);
			path = Usecases;
			sourceTree = "<group>";
		};
		708CA92A29DAC89700BCFD49 /* Frameworks */ = {
			isa = PBXGroup;
			children = (
			);
			name = Frameworks;
			sourceTree = "<group>";
		};
		70D4DC5027FDDBF200C02521 /* Behoviors */ = {
			isa = PBXGroup;
			children = (
				7077F51129C7F5E6006233CB /* ApplicationBehavior.swift */,
				70D4DC5127FDDD5600C02521 /* LoginBehavior.swift */,
			);
			path = Behoviors;
			sourceTree = "<group>";
		};
/* End PBXGroup section */

/* Begin PBXNativeTarget section */
		707CA951279F833700EAFC66 /* CALearning */ = {
			isa = PBXNativeTarget;
			buildConfigurationList = 707CA976279F833900EAFC66 /* Build configuration list for PBXNativeTarget "CALearning" */;
			buildPhases = (
				707CA94E279F833700EAFC66 /* Sources */,
				707CA94F279F833700EAFC66 /* Frameworks */,
				707CA950279F833700EAFC66 /* Resources */,
			);
			buildRules = (
			);
			dependencies = (
			);
			name = CALearning;
			packageProductDependencies = (
				7077C9A427A8F36C0035E404 /* Alamofire */,
				708CA92B29DAC8E000BCFD49 /* RobustiveSwift */,
			);
			productName = CALearning;
			productReference = 707CA952279F833700EAFC66 /* CALearning.app */;
			productType = "com.apple.product-type.application";
		};
		707CA961279F833900EAFC66 /* CALearningTests */ = {
			isa = PBXNativeTarget;
			buildConfigurationList = 707CA979279F833900EAFC66 /* Build configuration list for PBXNativeTarget "CALearningTests" */;
			buildPhases = (
				707CA95E279F833900EAFC66 /* Sources */,
				707CA95F279F833900EAFC66 /* Frameworks */,
				707CA960279F833900EAFC66 /* Resources */,
			);
			buildRules = (
			);
			dependencies = (
				707CA964279F833900EAFC66 /* PBXTargetDependency */,
			);
			name = CALearningTests;
			packageProductDependencies = (
				7077C99227A007D70035E404 /* Quick */,
				7077C99527A007EB0035E404 /* Nimble */,
			);
			productName = CALearningTests;
			productReference = 707CA962279F833900EAFC66 /* CALearningTests.xctest */;
			productType = "com.apple.product-type.bundle.unit-test";
		};
		707CA96B279F833900EAFC66 /* CALearningUITests */ = {
			isa = PBXNativeTarget;
			buildConfigurationList = 707CA97C279F833900EAFC66 /* Build configuration list for PBXNativeTarget "CALearningUITests" */;
			buildPhases = (
				707CA968279F833900EAFC66 /* Sources */,
				707CA969279F833900EAFC66 /* Frameworks */,
				707CA96A279F833900EAFC66 /* Resources */,
			);
			buildRules = (
			);
			dependencies = (
				707CA96E279F833900EAFC66 /* PBXTargetDependency */,
			);
			name = CALearningUITests;
			productName = CALearningUITests;
			productReference = 707CA96C279F833900EAFC66 /* CALearningUITests.xctest */;
			productType = "com.apple.product-type.bundle.ui-testing";
		};
/* End PBXNativeTarget section */

/* Begin PBXProject section */
		707CA94A279F833700EAFC66 /* Project object */ = {
			isa = PBXProject;
			attributes = {
				BuildIndependentTargetsInParallel = 1;
				LastSwiftUpdateCheck = 1340;
				LastUpgradeCheck = 1320;
				TargetAttributes = {
					707CA951279F833700EAFC66 = {
						CreatedOnToolsVersion = 13.2.1;
					};
					707CA961279F833900EAFC66 = {
						CreatedOnToolsVersion = 13.2.1;
						TestTargetID = 707CA951279F833700EAFC66;
					};
					707CA96B279F833900EAFC66 = {
						CreatedOnToolsVersion = 13.2.1;
						TestTargetID = 707CA951279F833700EAFC66;
					};
				};
			};
			buildConfigurationList = 707CA94D279F833700EAFC66 /* Build configuration list for PBXProject "CALearning" */;
			compatibilityVersion = "Xcode 13.0";
			developmentRegion = en;
			hasScannedForEncodings = 0;
			knownRegions = (
				en,
				Base,
			);
			mainGroup = 707CA949279F833700EAFC66;
			packageReferences = (
				7077C99127A007D70035E404 /* XCRemoteSwiftPackageReference "Quick" */,
				7077C99427A007EB0035E404 /* XCRemoteSwiftPackageReference "Nimble" */,
				7077C9A327A8F36C0035E404 /* XCRemoteSwiftPackageReference "Alamofire" */,
			);
			productRefGroup = 707CA953279F833700EAFC66 /* Products */;
			projectDirPath = "";
			projectRoot = "";
			targets = (
				707CA951279F833700EAFC66 /* CALearning */,
				707CA961279F833900EAFC66 /* CALearningTests */,
				707CA96B279F833900EAFC66 /* CALearningUITests */,
			);
		};
/* End PBXProject section */

/* Begin PBXResourcesBuildPhase section */
		707CA950279F833700EAFC66 /* Resources */ = {
			isa = PBXResourcesBuildPhase;
			buildActionMask = 2147483647;
			files = (
				707CA95D279F833900EAFC66 /* Preview Assets.xcassets in Resources */,
				707CA95A279F833900EAFC66 /* Assets.xcassets in Resources */,
			);
			runOnlyForDeploymentPostprocessing = 0;
		};
		707CA960279F833900EAFC66 /* Resources */ = {
			isa = PBXResourcesBuildPhase;
			buildActionMask = 2147483647;
			files = (
			);
			runOnlyForDeploymentPostprocessing = 0;
		};
		707CA96A279F833900EAFC66 /* Resources */ = {
			isa = PBXResourcesBuildPhase;
			buildActionMask = 2147483647;
			files = (
			);
			runOnlyForDeploymentPostprocessing = 0;
		};
/* End PBXResourcesBuildPhase section */

/* Begin PBXSourcesBuildPhase section */
		707CA94E279F833700EAFC66 /* Sources */ = {
			isa = PBXSourcesBuildPhase;
			buildActionMask = 2147483647;
			files = (
				70F57A7B281A32140036EE53 /* TermsOfService.swift in Sources */,
				7077C9B627A906F90035E404 /* Api.swift in Sources */,
				7077C99E27A0D5A70035E404 /* UserDefaultsDataStore.swift in Sources */,
				708A75FF27F46A970047016B /* KeyChainDataStore.swift in Sources */,
				7077C9BC27AB5C540035E404 /* Apis.swift in Sources */,
				707CA997279FD1BA00EAFC66 /* Controller.swift in Sources */,
				7077C9BE27AB7ABD0035E404 /* Backend.swift in Sources */,
				707CA995279FA89A00EAFC66 /* Application.swift in Sources */,
				7077C9AB27A8F9830035E404 /* SystemErrors.swift in Sources */,
				7077C9A227A0D8BD0035E404 /* Dependencies.swift in Sources */,
				70873E9A27E02F7D007EE181 /* AccountModel.swift in Sources */,
				7077C9B227A8FDF20035E404 /* MockApiClient.swift in Sources */,
				7077C9C027AB7B280035E404 /* ApiBackend.swift in Sources */,
				708415C3283524BB00BAED01 /* UserActor.swift in Sources */,
				707CA958279F833700EAFC66 /* ContentView.swift in Sources */,
				7077C99B27A0D4760035E404 /* DataStore.swift in Sources */,
				7077C9A927A8F9560035E404 /* ApiClient.swift in Sources */,
				70D4DC5227FDDD5600C02521 /* LoginBehavior.swift in Sources */,
				70873E9E27E0300B007EE181 /* Model.swift in Sources */,
				707CA98A279F8C5600EAFC66 /* Login.swift in Sources */,
				707CA988279F8C3E00EAFC66 /* Tutorial.swift in Sources */,
				70F57A7F281A5A4A0036EE53 /* Validation.swift in Sources */,
				70F57A7D281A32920036EE53 /* Loggingin.swift in Sources */,
				708A760327F48E7D0047016B /* GoogleMapApiClient.swift in Sources */,
				7077C9AD27A8F9BD0035E404 /* ServiceErrors.swift in Sources */,
				7077C9B427A8FF760035E404 /* AlamofireApiClient.swift in Sources */,
				70BEB7F728C22F05004538EB /* Usecases.swift in Sources */,
				7077F51229C7F5E6006233CB /* ApplicationBehavior.swift in Sources */,
				70167B6228196EA400C40F0E /* CompleteTutorial.swift in Sources */,
				707CA986279F8C1500EAFC66 /* Splash.swift in Sources */,
				707CA956279F833700EAFC66 /* CALearningApp.swift in Sources */,
				707CA98D279F8FA500EAFC66 /* Booting.swift in Sources */,
			);
			runOnlyForDeploymentPostprocessing = 0;
		};
		707CA95E279F833900EAFC66 /* Sources */ = {
			isa = PBXSourcesBuildPhase;
			buildActionMask = 2147483647;
			files = (
				7077C99827A007FD0035E404 /* BootSpec.swift in Sources */,
			);
			runOnlyForDeploymentPostprocessing = 0;
		};
		707CA968279F833900EAFC66 /* Sources */ = {
			isa = PBXSourcesBuildPhase;
			buildActionMask = 2147483647;
			files = (
				707CA973279F833900EAFC66 /* CALearningUITestsLaunchTests.swift in Sources */,
				707CA971279F833900EAFC66 /* CALearningUITests.swift in Sources */,
			);
			runOnlyForDeploymentPostprocessing = 0;
		};
/* End PBXSourcesBuildPhase section */

/* Begin PBXTargetDependency section */
		707CA964279F833900EAFC66 /* PBXTargetDependency */ = {
			isa = PBXTargetDependency;
			target = 707CA951279F833700EAFC66 /* CALearning */;
			targetProxy = 707CA963279F833900EAFC66 /* PBXContainerItemProxy */;
		};
		707CA96E279F833900EAFC66 /* PBXTargetDependency */ = {
			isa = PBXTargetDependency;
			target = 707CA951279F833700EAFC66 /* CALearning */;
			targetProxy = 707CA96D279F833900EAFC66 /* PBXContainerItemProxy */;
		};
/* End PBXTargetDependency section */

/* Begin XCBuildConfiguration section */
		707CA974279F833900EAFC66 /* Debug */ = {
			isa = XCBuildConfiguration;
			buildSettings = {
				ALWAYS_SEARCH_USER_PATHS = NO;
				CLANG_ANALYZER_NONNULL = YES;
				CLANG_ANALYZER_NUMBER_OBJECT_CONVERSION = YES_AGGRESSIVE;
				CLANG_CXX_LANGUAGE_STANDARD = "gnu++17";
				CLANG_CXX_LIBRARY = "libc++";
				CLANG_ENABLE_MODULES = YES;
				CLANG_ENABLE_OBJC_ARC = YES;
				CLANG_ENABLE_OBJC_WEAK = YES;
				CLANG_WARN_BLOCK_CAPTURE_AUTORELEASING = YES;
				CLANG_WARN_BOOL_CONVERSION = YES;
				CLANG_WARN_COMMA = YES;
				CLANG_WARN_CONSTANT_CONVERSION = YES;
				CLANG_WARN_DEPRECATED_OBJC_IMPLEMENTATIONS = YES;
				CLANG_WARN_DIRECT_OBJC_ISA_USAGE = YES_ERROR;
				CLANG_WARN_DOCUMENTATION_COMMENTS = YES;
				CLANG_WARN_EMPTY_BODY = YES;
				CLANG_WARN_ENUM_CONVERSION = YES;
				CLANG_WARN_INFINITE_RECURSION = YES;
				CLANG_WARN_INT_CONVERSION = YES;
				CLANG_WARN_NON_LITERAL_NULL_CONVERSION = YES;
				CLANG_WARN_OBJC_IMPLICIT_RETAIN_SELF = YES;
				CLANG_WARN_OBJC_LITERAL_CONVERSION = YES;
				CLANG_WARN_OBJC_ROOT_CLASS = YES_ERROR;
				CLANG_WARN_QUOTED_INCLUDE_IN_FRAMEWORK_HEADER = YES;
				CLANG_WARN_RANGE_LOOP_ANALYSIS = YES;
				CLANG_WARN_STRICT_PROTOTYPES = YES;
				CLANG_WARN_SUSPICIOUS_MOVE = YES;
				CLANG_WARN_UNGUARDED_AVAILABILITY = YES_AGGRESSIVE;
				CLANG_WARN_UNREACHABLE_CODE = YES;
				CLANG_WARN__DUPLICATE_METHOD_MATCH = YES;
				COPY_PHASE_STRIP = NO;
				DEBUG_INFORMATION_FORMAT = dwarf;
				ENABLE_STRICT_OBJC_MSGSEND = YES;
				ENABLE_TESTABILITY = YES;
				GCC_C_LANGUAGE_STANDARD = gnu11;
				GCC_DYNAMIC_NO_PIC = NO;
				GCC_NO_COMMON_BLOCKS = YES;
				GCC_OPTIMIZATION_LEVEL = 0;
				GCC_PREPROCESSOR_DEFINITIONS = (
					"DEBUG=1",
					"$(inherited)",
				);
				GCC_WARN_64_TO_32_BIT_CONVERSION = YES;
				GCC_WARN_ABOUT_RETURN_TYPE = YES_ERROR;
				GCC_WARN_UNDECLARED_SELECTOR = YES;
				GCC_WARN_UNINITIALIZED_AUTOS = YES_AGGRESSIVE;
				GCC_WARN_UNUSED_FUNCTION = YES;
				GCC_WARN_UNUSED_VARIABLE = YES;
				IPHONEOS_DEPLOYMENT_TARGET = 15.2;
				MTL_ENABLE_DEBUG_INFO = INCLUDE_SOURCE;
				MTL_FAST_MATH = YES;
				ONLY_ACTIVE_ARCH = YES;
				SDKROOT = iphoneos;
				SWIFT_ACTIVE_COMPILATION_CONDITIONS = DEBUG;
				SWIFT_OPTIMIZATION_LEVEL = "-Onone";
			};
			name = Debug;
		};
		707CA975279F833900EAFC66 /* Release */ = {
			isa = XCBuildConfiguration;
			buildSettings = {
				ALWAYS_SEARCH_USER_PATHS = NO;
				CLANG_ANALYZER_NONNULL = YES;
				CLANG_ANALYZER_NUMBER_OBJECT_CONVERSION = YES_AGGRESSIVE;
				CLANG_CXX_LANGUAGE_STANDARD = "gnu++17";
				CLANG_CXX_LIBRARY = "libc++";
				CLANG_ENABLE_MODULES = YES;
				CLANG_ENABLE_OBJC_ARC = YES;
				CLANG_ENABLE_OBJC_WEAK = YES;
				CLANG_WARN_BLOCK_CAPTURE_AUTORELEASING = YES;
				CLANG_WARN_BOOL_CONVERSION = YES;
				CLANG_WARN_COMMA = YES;
				CLANG_WARN_CONSTANT_CONVERSION = YES;
				CLANG_WARN_DEPRECATED_OBJC_IMPLEMENTATIONS = YES;
				CLANG_WARN_DIRECT_OBJC_ISA_USAGE = YES_ERROR;
				CLANG_WARN_DOCUMENTATION_COMMENTS = YES;
				CLANG_WARN_EMPTY_BODY = YES;
				CLANG_WARN_ENUM_CONVERSION = YES;
				CLANG_WARN_INFINITE_RECURSION = YES;
				CLANG_WARN_INT_CONVERSION = YES;
				CLANG_WARN_NON_LITERAL_NULL_CONVERSION = YES;
				CLANG_WARN_OBJC_IMPLICIT_RETAIN_SELF = YES;
				CLANG_WARN_OBJC_LITERAL_CONVERSION = YES;
				CLANG_WARN_OBJC_ROOT_CLASS = YES_ERROR;
				CLANG_WARN_QUOTED_INCLUDE_IN_FRAMEWORK_HEADER = YES;
				CLANG_WARN_RANGE_LOOP_ANALYSIS = YES;
				CLANG_WARN_STRICT_PROTOTYPES = YES;
				CLANG_WARN_SUSPICIOUS_MOVE = YES;
				CLANG_WARN_UNGUARDED_AVAILABILITY = YES_AGGRESSIVE;
				CLANG_WARN_UNREACHABLE_CODE = YES;
				CLANG_WARN__DUPLICATE_METHOD_MATCH = YES;
				COPY_PHASE_STRIP = NO;
				DEBUG_INFORMATION_FORMAT = "dwarf-with-dsym";
				ENABLE_NS_ASSERTIONS = NO;
				ENABLE_STRICT_OBJC_MSGSEND = YES;
				GCC_C_LANGUAGE_STANDARD = gnu11;
				GCC_NO_COMMON_BLOCKS = YES;
				GCC_WARN_64_TO_32_BIT_CONVERSION = YES;
				GCC_WARN_ABOUT_RETURN_TYPE = YES_ERROR;
				GCC_WARN_UNDECLARED_SELECTOR = YES;
				GCC_WARN_UNINITIALIZED_AUTOS = YES_AGGRESSIVE;
				GCC_WARN_UNUSED_FUNCTION = YES;
				GCC_WARN_UNUSED_VARIABLE = YES;
				IPHONEOS_DEPLOYMENT_TARGET = 15.2;
				MTL_ENABLE_DEBUG_INFO = NO;
				MTL_FAST_MATH = YES;
				SDKROOT = iphoneos;
				SWIFT_COMPILATION_MODE = wholemodule;
				SWIFT_OPTIMIZATION_LEVEL = "-O";
				VALIDATE_PRODUCT = YES;
			};
			name = Release;
		};
		707CA977279F833900EAFC66 /* Debug */ = {
			isa = XCBuildConfiguration;
			buildSettings = {
				ASSETCATALOG_COMPILER_APPICON_NAME = AppIcon;
				ASSETCATALOG_COMPILER_GLOBAL_ACCENT_COLOR_NAME = AccentColor;
				CODE_SIGN_STYLE = Automatic;
				CURRENT_PROJECT_VERSION = 1;
				DEVELOPMENT_ASSET_PATHS = "\"CALearning/Preview Content\"";
				DEVELOPMENT_TEAM = X6UZ6GLW57;
				ENABLE_PREVIEWS = YES;
				GENERATE_INFOPLIST_FILE = YES;
				INFOPLIST_KEY_UIApplicationSceneManifest_Generation = YES;
				INFOPLIST_KEY_UIApplicationSupportsIndirectInputEvents = YES;
				INFOPLIST_KEY_UILaunchScreen_Generation = YES;
				INFOPLIST_KEY_UISupportedInterfaceOrientations_iPad = "UIInterfaceOrientationPortrait UIInterfaceOrientationPortraitUpsideDown UIInterfaceOrientationLandscapeLeft UIInterfaceOrientationLandscapeRight";
				INFOPLIST_KEY_UISupportedInterfaceOrientations_iPhone = "UIInterfaceOrientationPortrait UIInterfaceOrientationLandscapeLeft UIInterfaceOrientationLandscapeRight";
				LD_RUNPATH_SEARCH_PATHS = (
					"$(inherited)",
					"@executable_path/Frameworks",
				);
				MARKETING_VERSION = 1.0;
				PRODUCT_BUNDLE_IDENTIFIER = com.jibunstyle.CALearning;
				PRODUCT_NAME = "$(TARGET_NAME)";
				SWIFT_EMIT_LOC_STRINGS = YES;
				SWIFT_VERSION = 5.0;
				TARGETED_DEVICE_FAMILY = "1,2";
			};
			name = Debug;
		};
		707CA978279F833900EAFC66 /* Release */ = {
			isa = XCBuildConfiguration;
			buildSettings = {
				ASSETCATALOG_COMPILER_APPICON_NAME = AppIcon;
				ASSETCATALOG_COMPILER_GLOBAL_ACCENT_COLOR_NAME = AccentColor;
				CODE_SIGN_STYLE = Automatic;
				CURRENT_PROJECT_VERSION = 1;
				DEVELOPMENT_ASSET_PATHS = "\"CALearning/Preview Content\"";
				DEVELOPMENT_TEAM = X6UZ6GLW57;
				ENABLE_PREVIEWS = YES;
				GENERATE_INFOPLIST_FILE = YES;
				INFOPLIST_KEY_UIApplicationSceneManifest_Generation = YES;
				INFOPLIST_KEY_UIApplicationSupportsIndirectInputEvents = YES;
				INFOPLIST_KEY_UILaunchScreen_Generation = YES;
				INFOPLIST_KEY_UISupportedInterfaceOrientations_iPad = "UIInterfaceOrientationPortrait UIInterfaceOrientationPortraitUpsideDown UIInterfaceOrientationLandscapeLeft UIInterfaceOrientationLandscapeRight";
				INFOPLIST_KEY_UISupportedInterfaceOrientations_iPhone = "UIInterfaceOrientationPortrait UIInterfaceOrientationLandscapeLeft UIInterfaceOrientationLandscapeRight";
				LD_RUNPATH_SEARCH_PATHS = (
					"$(inherited)",
					"@executable_path/Frameworks",
				);
				MARKETING_VERSION = 1.0;
				PRODUCT_BUNDLE_IDENTIFIER = com.jibunstyle.CALearning;
				PRODUCT_NAME = "$(TARGET_NAME)";
				SWIFT_EMIT_LOC_STRINGS = YES;
				SWIFT_VERSION = 5.0;
				TARGETED_DEVICE_FAMILY = "1,2";
			};
			name = Release;
		};
		707CA97A279F833900EAFC66 /* Debug */ = {
			isa = XCBuildConfiguration;
			buildSettings = {
				ALWAYS_EMBED_SWIFT_STANDARD_LIBRARIES = YES;
				BUNDLE_LOADER = "$(TEST_HOST)";
				CODE_SIGN_STYLE = Automatic;
				CURRENT_PROJECT_VERSION = 1;
				DEVELOPMENT_TEAM = X6UZ6GLW57;
				GENERATE_INFOPLIST_FILE = YES;
				IPHONEOS_DEPLOYMENT_TARGET = 15.2;
				MARKETING_VERSION = 1.0;
				PRODUCT_BUNDLE_IDENTIFIER = com.jibunstyle.CALearningTests;
				PRODUCT_NAME = "$(TARGET_NAME)";
				SWIFT_EMIT_LOC_STRINGS = NO;
				SWIFT_VERSION = 5.0;
				TARGETED_DEVICE_FAMILY = "1,2";
				TEST_HOST = "$(BUILT_PRODUCTS_DIR)/CALearning.app/CALearning";
			};
			name = Debug;
		};
		707CA97B279F833900EAFC66 /* Release */ = {
			isa = XCBuildConfiguration;
			buildSettings = {
				ALWAYS_EMBED_SWIFT_STANDARD_LIBRARIES = YES;
				BUNDLE_LOADER = "$(TEST_HOST)";
				CODE_SIGN_STYLE = Automatic;
				CURRENT_PROJECT_VERSION = 1;
				DEVELOPMENT_TEAM = X6UZ6GLW57;
				GENERATE_INFOPLIST_FILE = YES;
				IPHONEOS_DEPLOYMENT_TARGET = 15.2;
				MARKETING_VERSION = 1.0;
				PRODUCT_BUNDLE_IDENTIFIER = com.jibunstyle.CALearningTests;
				PRODUCT_NAME = "$(TARGET_NAME)";
				SWIFT_EMIT_LOC_STRINGS = NO;
				SWIFT_VERSION = 5.0;
				TARGETED_DEVICE_FAMILY = "1,2";
				TEST_HOST = "$(BUILT_PRODUCTS_DIR)/CALearning.app/CALearning";
			};
			name = Release;
		};
		707CA97D279F833900EAFC66 /* Debug */ = {
			isa = XCBuildConfiguration;
			buildSettings = {
				ALWAYS_EMBED_SWIFT_STANDARD_LIBRARIES = YES;
				CODE_SIGN_STYLE = Automatic;
				CURRENT_PROJECT_VERSION = 1;
				DEVELOPMENT_TEAM = X6UZ6GLW57;
				GENERATE_INFOPLIST_FILE = YES;
				MARKETING_VERSION = 1.0;
				PRODUCT_BUNDLE_IDENTIFIER = com.jibunstyle.CALearningUITests;
				PRODUCT_NAME = "$(TARGET_NAME)";
				SWIFT_EMIT_LOC_STRINGS = NO;
				SWIFT_VERSION = 5.0;
				TARGETED_DEVICE_FAMILY = "1,2";
				TEST_TARGET_NAME = CALearning;
			};
			name = Debug;
		};
		707CA97E279F833900EAFC66 /* Release */ = {
			isa = XCBuildConfiguration;
			buildSettings = {
				ALWAYS_EMBED_SWIFT_STANDARD_LIBRARIES = YES;
				CODE_SIGN_STYLE = Automatic;
				CURRENT_PROJECT_VERSION = 1;
				DEVELOPMENT_TEAM = X6UZ6GLW57;
				GENERATE_INFOPLIST_FILE = YES;
				MARKETING_VERSION = 1.0;
				PRODUCT_BUNDLE_IDENTIFIER = com.jibunstyle.CALearningUITests;
				PRODUCT_NAME = "$(TARGET_NAME)";
				SWIFT_EMIT_LOC_STRINGS = NO;
				SWIFT_VERSION = 5.0;
				TARGETED_DEVICE_FAMILY = "1,2";
				TEST_TARGET_NAME = CALearning;
			};
			name = Release;
		};
/* End XCBuildConfiguration section */

/* Begin XCConfigurationList section */
		707CA94D279F833700EAFC66 /* Build configuration list for PBXProject "CALearning" */ = {
			isa = XCConfigurationList;
			buildConfigurations = (
				707CA974279F833900EAFC66 /* Debug */,
				707CA975279F833900EAFC66 /* Release */,
			);
			defaultConfigurationIsVisible = 0;
			defaultConfigurationName = Release;
		};
		707CA976279F833900EAFC66 /* Build configuration list for PBXNativeTarget "CALearning" */ = {
			isa = XCConfigurationList;
			buildConfigurations = (
				707CA977279F833900EAFC66 /* Debug */,
				707CA978279F833900EAFC66 /* Release */,
			);
			defaultConfigurationIsVisible = 0;
			defaultConfigurationName = Release;
		};
		707CA979279F833900EAFC66 /* Build configuration list for PBXNativeTarget "CALearningTests" */ = {
			isa = XCConfigurationList;
			buildConfigurations = (
				707CA97A279F833900EAFC66 /* Debug */,
				707CA97B279F833900EAFC66 /* Release */,
			);
			defaultConfigurationIsVisible = 0;
			defaultConfigurationName = Release;
		};
		707CA97C279F833900EAFC66 /* Build configuration list for PBXNativeTarget "CALearningUITests" */ = {
			isa = XCConfigurationList;
			buildConfigurations = (
				707CA97D279F833900EAFC66 /* Debug */,
				707CA97E279F833900EAFC66 /* Release */,
			);
			defaultConfigurationIsVisible = 0;
			defaultConfigurationName = Release;
		};
/* End XCConfigurationList section */

/* Begin XCRemoteSwiftPackageReference section */
		7077C99127A007D70035E404 /* XCRemoteSwiftPackageReference "Quick" */ = {
			isa = XCRemoteSwiftPackageReference;
			repositoryURL = "https://github.com/Quick/Quick.git";
			requirement = {
				branch = main;
				kind = branch;
			};
		};
		7077C99427A007EB0035E404 /* XCRemoteSwiftPackageReference "Nimble" */ = {
			isa = XCRemoteSwiftPackageReference;
			repositoryURL = "https://github.com/Quick/Nimble.git";
			requirement = {
				branch = main;
				kind = branch;
			};
		};
		7077C9A327A8F36C0035E404 /* XCRemoteSwiftPackageReference "Alamofire" */ = {
			isa = XCRemoteSwiftPackageReference;
			repositoryURL = "https://github.com/Alamofire/Alamofire.git";
			requirement = {
				kind = upToNextMajorVersion;
				minimumVersion = 5.0.0;
			};
		};
/* End XCRemoteSwiftPackageReference section */

/* Begin XCSwiftPackageProductDependency section */
		7077C99227A007D70035E404 /* Quick */ = {
			isa = XCSwiftPackageProductDependency;
			package = 7077C99127A007D70035E404 /* XCRemoteSwiftPackageReference "Quick" */;
			productName = Quick;
		};
		7077C99527A007EB0035E404 /* Nimble */ = {
			isa = XCSwiftPackageProductDependency;
			package = 7077C99427A007EB0035E404 /* XCRemoteSwiftPackageReference "Nimble" */;
			productName = Nimble;
		};
		7077C9A427A8F36C0035E404 /* Alamofire */ = {
			isa = XCSwiftPackageProductDependency;
			package = 7077C9A327A8F36C0035E404 /* XCRemoteSwiftPackageReference "Alamofire" */;
			productName = Alamofire;
		};
		708CA92B29DAC8E000BCFD49 /* RobustiveSwift */ = {
			isa = XCSwiftPackageProductDependency;
			productName = RobustiveSwift;
		};
/* End XCSwiftPackageProductDependency section */
	};
	rootObject = 707CA94A279F833700EAFC66 /* Project object */;
}
